
Microsoft Visual Studio Solution File, Format Version 12.00
# Visual Studio Version 17
VisualStudioVersion = 17.13.35919.96
MinimumVisualStudioVersion = 10.0.40219.1
Project("{8BC9CEB8-8B4A-11D0-8D11-00A0C91BC942}") = "HelloWorld1", "HelloWorld1\HelloWorld1.vcxproj", "{4DE1E7F5-BE5B-4B04-B8F9-644B7B3EF020}"
EndProject
Project("{8BC9CEB8-8B4A-11D0-8D11-00A0C91BC942}") = "DataTypes", "DataTypes\DataTypes.vcxproj", "{86FDF819-6F05-4D96-AC0C-8757450C83E1}"
EndProject
Project("{8BC9CEB8-8B4A-11D0-8D11-00A0C91BC942}") = "UserDataTypes", "UserDataTypes\UserDataTypes.vcxproj", "{FE3DE343-42A7-4536-8F83-0A781E6CD774}"
EndProject
Project("{8BC9CEB8-8B4A-11D0-8D11-00A0C91BC942}") = "Java_to_C++", "Java_to_C++\Java_to_C++.vcxproj", "{9A1B5776-4027-4C81-8664-6824A98AE98C}"
EndProject
Project("{8BC9CEB8-8B4A-11D0-8D11-00A0C91BC942}") = "Containers", "Containers\Containers.vcxproj", "{96E36AE5-7D71-43BD-A135-35A640E5C9C4}"
EndProject
Project("{8BC9CEB8-8B4A-11D0-8D11-00A0C91BC942}") = "Demos", "Demos\Demos.vcxproj", "{86813C64-2D9D-4246-A629-D09A8113170B}"
EndProject
Project("{8BC9CEB8-8B4A-11D0-8D11-00A0C91BC942}") = "Refrences", "Refrences\Refrences.vcxproj", "{6ACD60D0-D2BA-476D-84DC-EAE7FA9BB1AC}"
EndProject
Project("{8BC9CEB8-8B4A-11D0-8D11-00A0C91BC942}") = "MemoryVeiw", "MemoryVeiw\MemoryVeiw.vcxproj", "{B015ED53-21AF-419A-9B49-BE007AB6C032}"
EndProject
Project("{8BC9CEB8-8B4A-11D0-8D11-00A0C91BC942}") = "OOP", "OOP\OOP.vcxproj", "{3C07ED3A-5039-40EB-A81C-BA3C688E4F5B}"
EndProject
Global
	GlobalSection(SolutionConfigurationPlatforms) = preSolution
		Debug|x64 = Debug|x64
		Debug|x86 = Debug|x86
		Release|x64 = Release|x64
		Release|x86 = Release|x86
	EndGlobalSection
	GlobalSection(ProjectConfigurationPlatforms) = postSolution
		{4DE1E7F5-BE5B-4B04-B8F9-644B7B3EF020}.Debug|x64.ActiveCfg = Debug|x64
		{4DE1E7F5-BE5B-4B04-B8F9-644B7B3EF020}.Debug|x64.Build.0 = Debug|x64
		{4DE1E7F5-BE5B-4B04-B8F9-644B7B3EF020}.Debug|x86.ActiveCfg = Debug|Win32
		{4DE1E7F5-BE5B-4B04-B8F9-644B7B3EF020}.Debug|x86.Build.0 = Debug|Win32
		{4DE1E7F5-BE5B-4B04-B8F9-644B7B3EF020}.Release|x64.ActiveCfg = Release|x64
		{4DE1E7F5-BE5B-4B04-B8F9-644B7B3EF020}.Release|x64.Build.0 = Release|x64
		{4DE1E7F5-BE5B-4B04-B8F9-644B7B3EF020}.Release|x86.ActiveCfg = Release|Win32
		{4DE1E7F5-BE5B-4B04-B8F9-644B7B3EF020}.Release|x86.Build.0 = Release|Win32
		{86FDF819-6F05-4D96-AC0C-8757450C83E1}.Debug|x64.ActiveCfg = Debug|x64
		{86FDF819-6F05-4D96-AC0C-8757450C83E1}.Debug|x64.Build.0 = Debug|x64
		{86FDF819-6F05-4D96-AC0C-8757450C83E1}.Debug|x86.ActiveCfg = Debug|Win32
		{86FDF819-6F05-4D96-AC0C-8757450C83E1}.Debug|x86.Build.0 = Debug|Win32
		{86FDF819-6F05-4D96-AC0C-8757450C83E1}.Release|x64.ActiveCfg = Release|x64
		{86FDF819-6F05-4D96-AC0C-8757450C83E1}.Release|x64.Build.0 = Release|x64
		{86FDF819-6F05-4D96-AC0C-8757450C83E1}.Release|x86.ActiveCfg = Release|Win32
		{86FDF819-6F05-4D96-AC0C-8757450C83E1}.Release|x86.Build.0 = Release|Win32
		{FE3DE343-42A7-4536-8F83-0A781E6CD774}.Debug|x64.ActiveCfg = Debug|x64
		{FE3DE343-42A7-4536-8F83-0A781E6CD774}.Debug|x64.Build.0 = Debug|x64
		{FE3DE343-42A7-4536-8F83-0A781E6CD774}.Debug|x86.ActiveCfg = Debug|Win32
		{FE3DE343-42A7-4536-8F83-0A781E6CD774}.Debug|x86.Build.0 = Debug|Win32
		{FE3DE343-42A7-4536-8F83-0A781E6CD774}.Release|x64.ActiveCfg = Release|x64
		{FE3DE343-42A7-4536-8F83-0A781E6CD774}.Release|x64.Build.0 = Release|x64
		{FE3DE343-42A7-4536-8F83-0A781E6CD774}.Release|x86.ActiveCfg = Release|Win32
		{FE3DE343-42A7-4536-8F83-0A781E6CD774}.Release|x86.Build.0 = Release|Win32
		{9A1B5776-4027-4C81-8664-6824A98AE98C}.Debug|x64.ActiveCfg = Debug|x64
		{9A1B5776-4027-4C81-8664-6824A98AE98C}.Debug|x64.Build.0 = Debug|x64
		{9A1B5776-4027-4C81-8664-6824A98AE98C}.Debug|x86.ActiveCfg = Debug|Win32
		{9A1B5776-4027-4C81-8664-6824A98AE98C}.Debug|x86.Build.0 = Debug|Win32
		{9A1B5776-4027-4C81-8664-6824A98AE98C}.Release|x64.ActiveCfg = Release|x64
		{9A1B5776-4027-4C81-8664-6824A98AE98C}.Release|x64.Build.0 = Release|x64
		{9A1B5776-4027-4C81-8664-6824A98AE98C}.Release|x86.ActiveCfg = Release|Win32
		{9A1B5776-4027-4C81-8664-6824A98AE98C}.Release|x86.Build.0 = Release|Win32
		{96E36AE5-7D71-43BD-A135-35A640E5C9C4}.Debug|x64.ActiveCfg = Debug|x64
		{96E36AE5-7D71-43BD-A135-35A640E5C9C4}.Debug|x64.Build.0 = Debug|x64
		{96E36AE5-7D71-43BD-A135-35A640E5C9C4}.Debug|x86.ActiveCfg = Debug|Win32
		{96E36AE5-7D71-43BD-A135-35A640E5C9C4}.Debug|x86.Build.0 = Debug|Win32
		{96E36AE5-7D71-43BD-A135-35A640E5C9C4}.Release|x64.ActiveCfg = Release|x64
		{96E36AE5-7D71-43BD-A135-35A640E5C9C4}.Release|x64.Build.0 = Release|x64
		{96E36AE5-7D71-43BD-A135-35A640E5C9C4}.Release|x86.ActiveCfg = Release|Win32
		{96E36AE5-7D71-43BD-A135-35A640E5C9C4}.Release|x86.Build.0 = Release|Win32
		{86813C64-2D9D-4246-A629-D09A8113170B}.Debug|x64.ActiveCfg = Debug|x64
		{86813C64-2D9D-4246-A629-D09A8113170B}.Debug|x64.Build.0 = Debug|x64
		{86813C64-2D9D-4246-A629-D09A8113170B}.Debug|x86.ActiveCfg = Debug|Win32
		{86813C64-2D9D-4246-A629-D09A8113170B}.Debug|x86.Build.0 = Debug|Win32
		{86813C64-2D9D-4246-A629-D09A8113170B}.Release|x64.ActiveCfg = Release|x64
		{86813C64-2D9D-4246-A629-D09A8113170B}.Release|x64.Build.0 = Release|x64
		{86813C64-2D9D-4246-A629-D09A8113170B}.Release|x86.ActiveCfg = Release|Win32
		{86813C64-2D9D-4246-A629-D09A8113170B}.Release|x86.Build.0 = Release|Win32
		{6ACD60D0-D2BA-476D-84DC-EAE7FA9BB1AC}.Debug|x64.ActiveCfg = Debug|x64
		{6ACD60D0-D2BA-476D-84DC-EAE7FA9BB1AC}.Debug|x64.Build.0 = Debug|x64
		{6ACD60D0-D2BA-476D-84DC-EAE7FA9BB1AC}.Debug|x86.ActiveCfg = Debug|Win32
		{6ACD60D0-D2BA-476D-84DC-EAE7FA9BB1AC}.Debug|x86.Build.0 = Debug|Win32
		{6ACD60D0-D2BA-476D-84DC-EAE7FA9BB1AC}.Release|x64.ActiveCfg = Release|x64
		{6ACD60D0-D2BA-476D-84DC-EAE7FA9BB1AC}.Release|x64.Build.0 = Release|x64
		{6ACD60D0-D2BA-476D-84DC-EAE7FA9BB1AC}.Release|x86.ActiveCfg = Release|Win32
		{6ACD60D0-D2BA-476D-84DC-EAE7FA9BB1AC}.Release|x86.Build.0 = Release|Win32
		{B015ED53-21AF-419A-9B49-BE007AB6C032}.Debug|x64.ActiveCfg = Debug|x64
		{B015ED53-21AF-419A-9B49-BE007AB6C032}.Debug|x64.Build.0 = Debug|x64
		{B015ED53-21AF-419A-9B49-BE007AB6C032}.Debug|x86.ActiveCfg = Debug|Win32
		{B015ED53-21AF-419A-9B49-BE007AB6C032}.Debug|x86.Build.0 = Debug|Win32
		{B015ED53-21AF-419A-9B49-BE007AB6C032}.Release|x64.ActiveCfg = Release|x64
		{B015ED53-21AF-419A-9B49-BE007AB6C032}.Release|x64.Build.0 = Release|x64
		{B015ED53-21AF-419A-9B49-BE007AB6C032}.Release|x86.ActiveCfg = Release|Win32
		{B015ED53-21AF-419A-9B49-BE007AB6C032}.Release|x86.Build.0 = Release|Win32
		{3C07ED3A-5039-40EB-A81C-BA3C688E4F5B}.Debug|x64.ActiveCfg = Debug|x64
		{3C07ED3A-5039-40EB-A81C-BA3C688E4F5B}.Debug|x64.Build.0 = Debug|x64
		{3C07ED3A-5039-40EB-A81C-BA3C688E4F5B}.Debug|x86.ActiveCfg = Debug|Win32
		{3C07ED3A-5039-40EB-A81C-BA3C688E4F5B}.Debug|x86.Build.0 = Debug|Win32
		{3C07ED3A-5039-40EB-A81C-BA3C688E4F5B}.Release|x64.ActiveCfg = Release|x64
		{3C07ED3A-5039-40EB-A81C-BA3C688E4F5B}.Release|x64.Build.0 = Release|x64
		{3C07ED3A-5039-40EB-A81C-BA3C688E4F5B}.Release|x86.ActiveCfg = Release|Win32
		{3C07ED3A-5039-40EB-A81C-BA3C688E4F5B}.Release|x86.Build.0 = Release|Win32
	EndGlobalSection
	GlobalSection(SolutionProperties) = preSolution
		HideSolutionNode = FALSE
	EndGlobalSection
	GlobalSection(ExtensibilityGlobals) = postSolution
		SolutionGuid = {788FD91A-AF2C-4F6B-AE8E-E01794E994AA}
	EndGlobalSection
EndGlobal
